
Microsoft Visual Studio Solution File, Format Version 12.00
# Visual Studio Version 16
VisualStudioVersion = 16.0.31515.178
MinimumVisualStudioVersion = 10.0.40219.1
Project("{FAE04EC0-301F-11D3-BF4B-00C04F79EFBC}") = "WpfApp", "WpfApp.csproj", "{2CBA5F09-5329-4752-A92B-EF2FC57546E7}"
EndProject
Project("{2150E333-8FDC-42A3-9474-1A3956D46DE8}") = "Solution Items", "Solution Items", "{528057B8-A576-48AB-8FD6-A790E5290A7B}"
	ProjectSection(SolutionItems) = preProject
		.editorconfig = .editorconfig
	EndProjectSection
EndProject
Global
	GlobalSection(SolutionConfigurationPlatforms) = preSolution
		Debug|Any CPU = Debug|Any CPU
		Release|Any CPU = Release|Any CPU
	EndGlobalSection
	GlobalSection(ProjectConfigurationPlatforms) = postSolution
		{2CBA5F09-5329-4752-A92B-EF2FC57546E7}.Debug|Any CPU.ActiveCfg = Debug|Any CPU
		{2CBA5F09-5329-4752-A92B-EF2FC57546E7}.Debug|Any CPU.Build.0 = Debug|Any CPU
		{2CBA5F09-5329-4752-A92B-EF2FC57546E7}.Release|Any CPU.ActiveCfg = Release|Any CPU
		{2CBA5F09-5329-4752-A92B-EF2FC57546E7}.Release|Any CPU.Build.0 = Release|Any CPU
	EndGlobalSection
	GlobalSection(SolutionProperties) = preSolution
		HideSolutionNode = FALSE
	EndGlobalSection
	GlobalSection(ExtensibilityGlobals) = postSolution
		SolutionGuid = {9315B014-AEF8-416E-9E81-3ABE04A17FD9}
	EndGlobalSection
EndGlobal
